
Microsoft Visual Studio Solution File, Format Version 12.00
# Visual Studio 2012
Project("{F2A71F9B-5D33-465A-A702-920D77279786}") = "Facebook-Extension", "Facebook-Extension.fsproj", "{2263EB9E-A56B-4AC0-A48E-68852069AF37}"
EndProject
Project("{2150E333-8FDC-42A3-9474-1A3956D46DE8}") = "Solution Items", "Solution Items", "{BF1D6B25-DD00-4C03-8D79-4CF76FF1A738}"
	ProjectSection(SolutionItems) = preProject
		..\Script.fsx = ..\Script.fsx
	EndProjectSection
EndProject
Project("{F2A71F9B-5D33-465A-A702-920D77279786}") = "Facebook-Html", "..\Facebook-Html\Facebook-Html.fsproj", "{CBC0E600-1FE2-4CEB-8420-1C43D29714C5}"
EndProject
Global
	GlobalSection(SolutionConfigurationPlatforms) = preSolution
		Debug|Any CPU = Debug|Any CPU
		Release|Any CPU = Release|Any CPU
	EndGlobalSection
	GlobalSection(ProjectConfigurationPlatforms) = postSolution
		{2263EB9E-A56B-4AC0-A48E-68852069AF37}.Debug|Any CPU.ActiveCfg = Debug|Any CPU
		{2263EB9E-A56B-4AC0-A48E-68852069AF37}.Debug|Any CPU.Build.0 = Debug|Any CPU
		{2263EB9E-A56B-4AC0-A48E-68852069AF37}.Release|Any CPU.ActiveCfg = Release|Any CPU
		{2263EB9E-A56B-4AC0-A48E-68852069AF37}.Release|Any CPU.Build.0 = Release|Any CPU
		{CBC0E600-1FE2-4CEB-8420-1C43D29714C5}.Debug|Any CPU.ActiveCfg = Debug|Any CPU
		{CBC0E600-1FE2-4CEB-8420-1C43D29714C5}.Debug|Any CPU.Build.0 = Debug|Any CPU
		{CBC0E600-1FE2-4CEB-8420-1C43D29714C5}.Release|Any CPU.ActiveCfg = Release|Any CPU
		{CBC0E600-1FE2-4CEB-8420-1C43D29714C5}.Release|Any CPU.Build.0 = Release|Any CPU
	EndGlobalSection
	GlobalSection(SolutionProperties) = preSolution
		HideSolutionNode = FALSE
	EndGlobalSection
EndGlobal
