
Microsoft Visual Studio Solution File, Format Version 12.00
# Visual Studio 14
VisualStudioVersion = 14.0.23107.0
MinimumVisualStudioVersion = 10.0.40219.1
Project("{F2A71F9B-5D33-465A-A702-920D77279786}") = "HelloWorld", "HelloWorld\HelloWorld.fsproj", "{C22252FA-2724-40AE-8B83-D0391450AA1D}"
EndProject
Project("{F2A71F9B-5D33-465A-A702-920D77279786}") = "EtoUtils", "EtoUtils\EtoUtils.fsproj", "{DFA2FB3F-532B-46B5-BEB9-20C4A4625CCB}"
EndProject
Project("{F2A71F9B-5D33-465A-A702-920D77279786}") = "CounterExample", "CounterExample\CounterExample.fsproj", "{C0DBDB9A-E2CE-4210-AB0E-10CDD8E3F071}"
EndProject
Project("{F2A71F9B-5D33-465A-A702-920D77279786}") = "WebBrowserExample", "WebBrowserExample\WebBrowserExample.fsproj", "{BB6EAC1A-42F9-4105-81E0-54A8A1E4AED8}"
EndProject
Project("{F2A71F9B-5D33-465A-A702-920D77279786}") = "CurveEditorExample", "CurveEditorExample\CurveEditorExample.fsproj", "{E2CC61A0-6284-4EBB-A859-CF4B8597941A}"
EndProject
Project("{F2A71F9B-5D33-465A-A702-920D77279786}") = "Mandelbrot", "Mandelbrot\Mandelbrot.fsproj", "{27EA3A6D-4D73-41DD-9097-743BE9880853}"
EndProject
Project("{F2A71F9B-5D33-465A-A702-920D77279786}") = "OwnerDrawButtonExample", "OwnerDrawButtonExample\OwnerDrawButtonExample.fsproj", "{E354F262-45F6-4720-BC7B-3EF5F9ADD9F2}"
EndProject
Project("{F2A71F9B-5D33-465A-A702-920D77279786}") = "AnalogClockFirstExample", "AnalogClockFirstExample\AnalogClockFirstExample.fsproj", "{E53ED66E-F27E-47D0-A28A-C3612ED17666}"
EndProject
Project("{F2A71F9B-5D33-465A-A702-920D77279786}") = "TransformableLightWeightControls", "TransformableLightWeightControls\TransformableLightWeightControls.fsproj", "{ECA73F0A-B800-4AFE-AEFE-59ED0FFAFDE5}"
EndProject
Project("{F2A71F9B-5D33-465A-A702-920D77279786}") = "EditableLineExample", "EditableLineExample\EditableLineExample.fsproj", "{17CCDE28-A378-42C5-A4B3-B5C63BDAF86A}"
EndProject
Global
	GlobalSection(SolutionConfigurationPlatforms) = preSolution
		Debug|Any CPU = Debug|Any CPU
		Release|Any CPU = Release|Any CPU
	EndGlobalSection
	GlobalSection(ProjectConfigurationPlatforms) = postSolution
		{C22252FA-2724-40AE-8B83-D0391450AA1D}.Debug|Any CPU.ActiveCfg = Debug|Any CPU
		{C22252FA-2724-40AE-8B83-D0391450AA1D}.Debug|Any CPU.Build.0 = Debug|Any CPU
		{C22252FA-2724-40AE-8B83-D0391450AA1D}.Release|Any CPU.ActiveCfg = Release|Any CPU
		{C22252FA-2724-40AE-8B83-D0391450AA1D}.Release|Any CPU.Build.0 = Release|Any CPU
		{DFA2FB3F-532B-46B5-BEB9-20C4A4625CCB}.Debug|Any CPU.ActiveCfg = Debug|Any CPU
		{DFA2FB3F-532B-46B5-BEB9-20C4A4625CCB}.Debug|Any CPU.Build.0 = Debug|Any CPU
		{DFA2FB3F-532B-46B5-BEB9-20C4A4625CCB}.Release|Any CPU.ActiveCfg = Release|Any CPU
		{DFA2FB3F-532B-46B5-BEB9-20C4A4625CCB}.Release|Any CPU.Build.0 = Release|Any CPU
		{C0DBDB9A-E2CE-4210-AB0E-10CDD8E3F071}.Debug|Any CPU.ActiveCfg = Debug|Any CPU
		{C0DBDB9A-E2CE-4210-AB0E-10CDD8E3F071}.Debug|Any CPU.Build.0 = Debug|Any CPU
		{C0DBDB9A-E2CE-4210-AB0E-10CDD8E3F071}.Release|Any CPU.ActiveCfg = Release|Any CPU
		{C0DBDB9A-E2CE-4210-AB0E-10CDD8E3F071}.Release|Any CPU.Build.0 = Release|Any CPU
		{BB6EAC1A-42F9-4105-81E0-54A8A1E4AED8}.Debug|Any CPU.ActiveCfg = Debug|Any CPU
		{BB6EAC1A-42F9-4105-81E0-54A8A1E4AED8}.Debug|Any CPU.Build.0 = Debug|Any CPU
		{BB6EAC1A-42F9-4105-81E0-54A8A1E4AED8}.Release|Any CPU.ActiveCfg = Release|Any CPU
		{BB6EAC1A-42F9-4105-81E0-54A8A1E4AED8}.Release|Any CPU.Build.0 = Release|Any CPU
		{E2CC61A0-6284-4EBB-A859-CF4B8597941A}.Debug|Any CPU.ActiveCfg = Debug|Any CPU
		{E2CC61A0-6284-4EBB-A859-CF4B8597941A}.Debug|Any CPU.Build.0 = Debug|Any CPU
		{E2CC61A0-6284-4EBB-A859-CF4B8597941A}.Release|Any CPU.ActiveCfg = Release|Any CPU
		{E2CC61A0-6284-4EBB-A859-CF4B8597941A}.Release|Any CPU.Build.0 = Release|Any CPU
		{27EA3A6D-4D73-41DD-9097-743BE9880853}.Debug|Any CPU.ActiveCfg = Debug|Any CPU
		{27EA3A6D-4D73-41DD-9097-743BE9880853}.Debug|Any CPU.Build.0 = Debug|Any CPU
		{27EA3A6D-4D73-41DD-9097-743BE9880853}.Release|Any CPU.ActiveCfg = Release|Any CPU
		{27EA3A6D-4D73-41DD-9097-743BE9880853}.Release|Any CPU.Build.0 = Release|Any CPU
		{E354F262-45F6-4720-BC7B-3EF5F9ADD9F2}.Debug|Any CPU.ActiveCfg = Debug|Any CPU
		{E354F262-45F6-4720-BC7B-3EF5F9ADD9F2}.Debug|Any CPU.Build.0 = Debug|Any CPU
		{E354F262-45F6-4720-BC7B-3EF5F9ADD9F2}.Release|Any CPU.ActiveCfg = Release|Any CPU
		{E354F262-45F6-4720-BC7B-3EF5F9ADD9F2}.Release|Any CPU.Build.0 = Release|Any CPU
		{E53ED66E-F27E-47D0-A28A-C3612ED17666}.Debug|Any CPU.ActiveCfg = Debug|Any CPU
		{E53ED66E-F27E-47D0-A28A-C3612ED17666}.Debug|Any CPU.Build.0 = Debug|Any CPU
		{E53ED66E-F27E-47D0-A28A-C3612ED17666}.Release|Any CPU.ActiveCfg = Release|Any CPU
		{E53ED66E-F27E-47D0-A28A-C3612ED17666}.Release|Any CPU.Build.0 = Release|Any CPU
		{ECA73F0A-B800-4AFE-AEFE-59ED0FFAFDE5}.Debug|Any CPU.ActiveCfg = Debug|Any CPU
		{ECA73F0A-B800-4AFE-AEFE-59ED0FFAFDE5}.Debug|Any CPU.Build.0 = Debug|Any CPU
		{ECA73F0A-B800-4AFE-AEFE-59ED0FFAFDE5}.Release|Any CPU.ActiveCfg = Release|Any CPU
		{ECA73F0A-B800-4AFE-AEFE-59ED0FFAFDE5}.Release|Any CPU.Build.0 = Release|Any CPU
		{17CCDE28-A378-42C5-A4B3-B5C63BDAF86A}.Debug|Any CPU.ActiveCfg = Debug|Any CPU
		{17CCDE28-A378-42C5-A4B3-B5C63BDAF86A}.Debug|Any CPU.Build.0 = Debug|Any CPU
		{17CCDE28-A378-42C5-A4B3-B5C63BDAF86A}.Release|Any CPU.ActiveCfg = Release|Any CPU
		{17CCDE28-A378-42C5-A4B3-B5C63BDAF86A}.Release|Any CPU.Build.0 = Release|Any CPU
	EndGlobalSection
	GlobalSection(SolutionProperties) = preSolution
		HideSolutionNode = FALSE
	EndGlobalSection
EndGlobal
